
Microsoft Visual Studio Solution File, Format Version 12.00
# Visual Studio Version 16
VisualStudioVersion = 16.0.29424.173
MinimumVisualStudioVersion = 10.0.40219.1
Project("{9A19103F-16F7-4668-BE54-9A1E7A4F7556}") = "FeedRead", "FeedRead\FeedRead.csproj", "{7298494D-4649-4B89-81A9-AC25AD171F9A}"
EndProject
Project("{FAE04EC0-301F-11D3-BF4B-00C04F79EFBC}") = "FeedReadTest", "FeedReadTest\FeedReadTest.csproj", "{9EA22611-6F4A-4A8A-9A5B-AF4B919CA37F}"
EndProject
Global
	GlobalSection(SolutionConfigurationPlatforms) = preSolution
		Debug|Any CPU = Debug|Any CPU
		Release|Any CPU = Release|Any CPU
	EndGlobalSection
	GlobalSection(ProjectConfigurationPlatforms) = postSolution
		{7298494D-4649-4B89-81A9-AC25AD171F9A}.Debug|Any CPU.ActiveCfg = Debug|Any CPU
		{7298494D-4649-4B89-81A9-AC25AD171F9A}.Debug|Any CPU.Build.0 = Debug|Any CPU
		{7298494D-4649-4B89-81A9-AC25AD171F9A}.Release|Any CPU.ActiveCfg = Release|Any CPU
		{7298494D-4649-4B89-81A9-AC25AD171F9A}.Release|Any CPU.Build.0 = Release|Any CPU
		{9EA22611-6F4A-4A8A-9A5B-AF4B919CA37F}.Debug|Any CPU.ActiveCfg = Debug|Any CPU
		{9EA22611-6F4A-4A8A-9A5B-AF4B919CA37F}.Debug|Any CPU.Build.0 = Debug|Any CPU
		{9EA22611-6F4A-4A8A-9A5B-AF4B919CA37F}.Release|Any CPU.ActiveCfg = Release|Any CPU
		{9EA22611-6F4A-4A8A-9A5B-AF4B919CA37F}.Release|Any CPU.Build.0 = Release|Any CPU
	EndGlobalSection
	GlobalSection(SolutionProperties) = preSolution
		HideSolutionNode = FALSE
	EndGlobalSection
	GlobalSection(ExtensibilityGlobals) = postSolution
		SolutionGuid = {131939C6-3CA8-4B5B-9915-552403A8B0D3}
	EndGlobalSection
EndGlobal
